
Microsoft Visual Studio Solution File, Format Version 12.00
# Visual Studio Version 17
VisualStudioVersion = 17.5.002.0
MinimumVisualStudioVersion = 10.0.40219.1
Project("{2150E333-8FDC-42A3-9474-1A3956D46DE8}") = "Overview", "Overview", "{52D3F44B-8464-4305-83B6-9A4F7D7186B8}"
EndProject
Project("{9A19103F-16F7-4668-BE54-9A1E7A4F7556}") = "DataTypes", "Overview\DataTypes\DataTypes.csproj", "{E4C2836C-50A8-447C-AE01-0C0A103FCC18}"
EndProject
Project("{9A19103F-16F7-4668-BE54-9A1E7A4F7556}") = "MyConsoleApp", "Overview\MyConsoleApp\MyConsoleApp.csproj", "{3FD34DC8-5BF7-4674-9E17-09FF00BD637D}"
EndProject
Project("{9A19103F-16F7-4668-BE54-9A1E7A4F7556}") = "GarbageCollect", "Overview\GarbageCollect\GarbageCollect.csproj", "{80A58881-A76A-484E-85F1-A78BB692986D}"
EndProject
Project("{2150E333-8FDC-42A3-9474-1A3956D46DE8}") = "NumbersDates", "NumbersDates", "{1AF13942-1363-4BC2-94B2-10D8ED7798F3}"
EndProject
Project("{9A19103F-16F7-4668-BE54-9A1E7A4F7556}") = "ParseDates", "NumbersDates\ParseDates\ParseDates.csproj", "{5D5E7FC6-CF48-4DC5-A574-2F86C83ABE09}"
EndProject
Project("{9A19103F-16F7-4668-BE54-9A1E7A4F7556}") = "FormatNumbers", "NumbersDates\FormatNumbers\FormatNumbers.csproj", "{AB219B67-CE92-4CCA-BAD8-48AC1CE28549}"
EndProject
Project("{9A19103F-16F7-4668-BE54-9A1E7A4F7556}") = "ParseNumbers", "NumbersDates\ParseNumbers\ParseNumbers.csproj", "{9314ED69-DFA1-4B83-B559-5F55328289A9}"
EndProject
Project("{9A19103F-16F7-4668-BE54-9A1E7A4F7556}") = "DateTimeClass", "NumbersDates\DateTimeClass\DateTimeClass.csproj", "{28FCEF5D-6261-4006-B06F-0D20C93B4D97}"
EndProject
Project("{9A19103F-16F7-4668-BE54-9A1E7A4F7556}") = "FormatDates", "NumbersDates\FormatDates\FormatDates.csproj", "{8FFCBB9C-25D5-45CA-9357-66BB38990424}"
EndProject
Project("{2150E333-8FDC-42A3-9474-1A3956D46DE8}") = "Strings", "Strings", "{94DA6AA2-634C-4B50-995D-0482330E091E}"
EndProject
Project("{9A19103F-16F7-4668-BE54-9A1E7A4F7556}") = "Formatting", "Strings\Formatting\Formatting.csproj", "{10365C96-60FE-4194-81E1-552B532F446E}"
EndProject
Project("{9A19103F-16F7-4668-BE54-9A1E7A4F7556}") = "Interpolation", "Strings\Interpolation\Interpolation.csproj", "{1568FD4B-FC95-43E5-A7CB-135D140DF256}"
EndProject
Project("{9A19103F-16F7-4668-BE54-9A1E7A4F7556}") = "Manipulation", "Strings\Manipulation\Manipulation.csproj", "{AA3EB464-47A3-4771-96F8-DA35A7956DF8}"
EndProject
Project("{9A19103F-16F7-4668-BE54-9A1E7A4F7556}") = "Searching", "Strings\Searching\Searching.csproj", "{88852232-5B63-4908-8839-6E79E4187735}"
EndProject
Project("{2150E333-8FDC-42A3-9474-1A3956D46DE8}") = "Files", "Files", "{C58B8AFE-4A91-41A5-96AC-91A2A7D06285}"
EndProject
Project("{9A19103F-16F7-4668-BE54-9A1E7A4F7556}") = "Directories", "Files\Directories\Directories.csproj", "{946B5D5B-9EC7-4A2E-8429-47CA488D0807}"
EndProject
Project("{9A19103F-16F7-4668-BE54-9A1E7A4F7556}") = "ReadWriteFiles", "Files\ReadWriteFiles\ReadWriteFiles.csproj", "{90836B91-CADD-48CA-9048-8B2FC5CFB37B}"
EndProject
Project("{9A19103F-16F7-4668-BE54-9A1E7A4F7556}") = "CreateFiles", "Files\CreateFiles\CreateFiles.csproj", "{852ABBF9-9559-471B-AE89-E358608B0A0E}"
EndProject
Project("{9A19103F-16F7-4668-BE54-9A1E7A4F7556}") = "FileInfo", "Files\FileInfo\FileInfo.csproj", "{AA67CAEA-B691-4E6E-AA43-42407B23A93B}"
EndProject
Project("{2150E333-8FDC-42A3-9474-1A3956D46DE8}") = "Regex", "Regex", "{172B4C34-C002-40C5-94A0-0292EB31084F}"
EndProject
Project("{9A19103F-16F7-4668-BE54-9A1E7A4F7556}") = "Replacing", "Regex\Replacing\Replacing.csproj", "{9573A562-B7D1-4C71-BFD2-20A4B3A47640}"
EndProject
Project("{9A19103F-16F7-4668-BE54-9A1E7A4F7556}") = "Finding", "Regex\Finding\Finding.csproj", "{2A43E839-52BE-4F2B-9FDF-3853F87D449C}"
EndProject
Project("{9A19103F-16F7-4668-BE54-9A1E7A4F7556}") = "RegexTimeouts", "Regex\Timeouts\RegexTimeouts.csproj", "{99E7674D-942B-4490-9131-148D1E9332E9}"
EndProject
Global
	GlobalSection(SolutionConfigurationPlatforms) = preSolution
		Debug|Any CPU = Debug|Any CPU
		Release|Any CPU = Release|Any CPU
	EndGlobalSection
	GlobalSection(ProjectConfigurationPlatforms) = postSolution
		{E4C2836C-50A8-447C-AE01-0C0A103FCC18}.Debug|Any CPU.ActiveCfg = Debug|Any CPU
		{E4C2836C-50A8-447C-AE01-0C0A103FCC18}.Debug|Any CPU.Build.0 = Debug|Any CPU
		{E4C2836C-50A8-447C-AE01-0C0A103FCC18}.Release|Any CPU.ActiveCfg = Release|Any CPU
		{E4C2836C-50A8-447C-AE01-0C0A103FCC18}.Release|Any CPU.Build.0 = Release|Any CPU
		{3FD34DC8-5BF7-4674-9E17-09FF00BD637D}.Debug|Any CPU.ActiveCfg = Debug|Any CPU
		{3FD34DC8-5BF7-4674-9E17-09FF00BD637D}.Debug|Any CPU.Build.0 = Debug|Any CPU
		{3FD34DC8-5BF7-4674-9E17-09FF00BD637D}.Release|Any CPU.ActiveCfg = Release|Any CPU
		{3FD34DC8-5BF7-4674-9E17-09FF00BD637D}.Release|Any CPU.Build.0 = Release|Any CPU
		{80A58881-A76A-484E-85F1-A78BB692986D}.Debug|Any CPU.ActiveCfg = Debug|Any CPU
		{80A58881-A76A-484E-85F1-A78BB692986D}.Debug|Any CPU.Build.0 = Debug|Any CPU
		{80A58881-A76A-484E-85F1-A78BB692986D}.Release|Any CPU.ActiveCfg = Release|Any CPU
		{80A58881-A76A-484E-85F1-A78BB692986D}.Release|Any CPU.Build.0 = Release|Any CPU
		{5D5E7FC6-CF48-4DC5-A574-2F86C83ABE09}.Debug|Any CPU.ActiveCfg = Debug|Any CPU
		{5D5E7FC6-CF48-4DC5-A574-2F86C83ABE09}.Debug|Any CPU.Build.0 = Debug|Any CPU
		{5D5E7FC6-CF48-4DC5-A574-2F86C83ABE09}.Release|Any CPU.ActiveCfg = Release|Any CPU
		{5D5E7FC6-CF48-4DC5-A574-2F86C83ABE09}.Release|Any CPU.Build.0 = Release|Any CPU
		{AB219B67-CE92-4CCA-BAD8-48AC1CE28549}.Debug|Any CPU.ActiveCfg = Debug|Any CPU
		{AB219B67-CE92-4CCA-BAD8-48AC1CE28549}.Debug|Any CPU.Build.0 = Debug|Any CPU
		{AB219B67-CE92-4CCA-BAD8-48AC1CE28549}.Release|Any CPU.ActiveCfg = Release|Any CPU
		{AB219B67-CE92-4CCA-BAD8-48AC1CE28549}.Release|Any CPU.Build.0 = Release|Any CPU
		{9314ED69-DFA1-4B83-B559-5F55328289A9}.Debug|Any CPU.ActiveCfg = Debug|Any CPU
		{9314ED69-DFA1-4B83-B559-5F55328289A9}.Debug|Any CPU.Build.0 = Debug|Any CPU
		{9314ED69-DFA1-4B83-B559-5F55328289A9}.Release|Any CPU.ActiveCfg = Release|Any CPU
		{9314ED69-DFA1-4B83-B559-5F55328289A9}.Release|Any CPU.Build.0 = Release|Any CPU
		{28FCEF5D-6261-4006-B06F-0D20C93B4D97}.Debug|Any CPU.ActiveCfg = Debug|Any CPU
		{28FCEF5D-6261-4006-B06F-0D20C93B4D97}.Debug|Any CPU.Build.0 = Debug|Any CPU
		{28FCEF5D-6261-4006-B06F-0D20C93B4D97}.Release|Any CPU.ActiveCfg = Release|Any CPU
		{28FCEF5D-6261-4006-B06F-0D20C93B4D97}.Release|Any CPU.Build.0 = Release|Any CPU
		{8FFCBB9C-25D5-45CA-9357-66BB38990424}.Debug|Any CPU.ActiveCfg = Debug|Any CPU
		{8FFCBB9C-25D5-45CA-9357-66BB38990424}.Debug|Any CPU.Build.0 = Debug|Any CPU
		{8FFCBB9C-25D5-45CA-9357-66BB38990424}.Release|Any CPU.ActiveCfg = Release|Any CPU
		{8FFCBB9C-25D5-45CA-9357-66BB38990424}.Release|Any CPU.Build.0 = Release|Any CPU
		{10365C96-60FE-4194-81E1-552B532F446E}.Debug|Any CPU.ActiveCfg = Debug|Any CPU
		{10365C96-60FE-4194-81E1-552B532F446E}.Debug|Any CPU.Build.0 = Debug|Any CPU
		{10365C96-60FE-4194-81E1-552B532F446E}.Release|Any CPU.ActiveCfg = Release|Any CPU
		{10365C96-60FE-4194-81E1-552B532F446E}.Release|Any CPU.Build.0 = Release|Any CPU
		{1568FD4B-FC95-43E5-A7CB-135D140DF256}.Debug|Any CPU.ActiveCfg = Debug|Any CPU
		{1568FD4B-FC95-43E5-A7CB-135D140DF256}.Debug|Any CPU.Build.0 = Debug|Any CPU
		{1568FD4B-FC95-43E5-A7CB-135D140DF256}.Release|Any CPU.ActiveCfg = Release|Any CPU
		{1568FD4B-FC95-43E5-A7CB-135D140DF256}.Release|Any CPU.Build.0 = Release|Any CPU
		{AA3EB464-47A3-4771-96F8-DA35A7956DF8}.Debug|Any CPU.ActiveCfg = Debug|Any CPU
		{AA3EB464-47A3-4771-96F8-DA35A7956DF8}.Debug|Any CPU.Build.0 = Debug|Any CPU
		{AA3EB464-47A3-4771-96F8-DA35A7956DF8}.Release|Any CPU.ActiveCfg = Release|Any CPU
		{AA3EB464-47A3-4771-96F8-DA35A7956DF8}.Release|Any CPU.Build.0 = Release|Any CPU
		{88852232-5B63-4908-8839-6E79E4187735}.Debug|Any CPU.ActiveCfg = Debug|Any CPU
		{88852232-5B63-4908-8839-6E79E4187735}.Debug|Any CPU.Build.0 = Debug|Any CPU
		{88852232-5B63-4908-8839-6E79E4187735}.Release|Any CPU.ActiveCfg = Release|Any CPU
		{88852232-5B63-4908-8839-6E79E4187735}.Release|Any CPU.Build.0 = Release|Any CPU
		{946B5D5B-9EC7-4A2E-8429-47CA488D0807}.Debug|Any CPU.ActiveCfg = Debug|Any CPU
		{946B5D5B-9EC7-4A2E-8429-47CA488D0807}.Debug|Any CPU.Build.0 = Debug|Any CPU
		{946B5D5B-9EC7-4A2E-8429-47CA488D0807}.Release|Any CPU.ActiveCfg = Release|Any CPU
		{946B5D5B-9EC7-4A2E-8429-47CA488D0807}.Release|Any CPU.Build.0 = Release|Any CPU
		{90836B91-CADD-48CA-9048-8B2FC5CFB37B}.Debug|Any CPU.ActiveCfg = Debug|Any CPU
		{90836B91-CADD-48CA-9048-8B2FC5CFB37B}.Debug|Any CPU.Build.0 = Debug|Any CPU
		{90836B91-CADD-48CA-9048-8B2FC5CFB37B}.Release|Any CPU.ActiveCfg = Release|Any CPU
		{90836B91-CADD-48CA-9048-8B2FC5CFB37B}.Release|Any CPU.Build.0 = Release|Any CPU
		{852ABBF9-9559-471B-AE89-E358608B0A0E}.Debug|Any CPU.ActiveCfg = Debug|Any CPU
		{852ABBF9-9559-471B-AE89-E358608B0A0E}.Debug|Any CPU.Build.0 = Debug|Any CPU
		{852ABBF9-9559-471B-AE89-E358608B0A0E}.Release|Any CPU.ActiveCfg = Release|Any CPU
		{852ABBF9-9559-471B-AE89-E358608B0A0E}.Release|Any CPU.Build.0 = Release|Any CPU
		{AA67CAEA-B691-4E6E-AA43-42407B23A93B}.Debug|Any CPU.ActiveCfg = Debug|Any CPU
		{AA67CAEA-B691-4E6E-AA43-42407B23A93B}.Debug|Any CPU.Build.0 = Debug|Any CPU
		{AA67CAEA-B691-4E6E-AA43-42407B23A93B}.Release|Any CPU.ActiveCfg = Release|Any CPU
		{AA67CAEA-B691-4E6E-AA43-42407B23A93B}.Release|Any CPU.Build.0 = Release|Any CPU
		{9573A562-B7D1-4C71-BFD2-20A4B3A47640}.Debug|Any CPU.ActiveCfg = Debug|Any CPU
		{9573A562-B7D1-4C71-BFD2-20A4B3A47640}.Debug|Any CPU.Build.0 = Debug|Any CPU
		{9573A562-B7D1-4C71-BFD2-20A4B3A47640}.Release|Any CPU.ActiveCfg = Release|Any CPU
		{9573A562-B7D1-4C71-BFD2-20A4B3A47640}.Release|Any CPU.Build.0 = Release|Any CPU
		{2A43E839-52BE-4F2B-9FDF-3853F87D449C}.Debug|Any CPU.ActiveCfg = Debug|Any CPU
		{2A43E839-52BE-4F2B-9FDF-3853F87D449C}.Debug|Any CPU.Build.0 = Debug|Any CPU
		{2A43E839-52BE-4F2B-9FDF-3853F87D449C}.Release|Any CPU.ActiveCfg = Release|Any CPU
		{2A43E839-52BE-4F2B-9FDF-3853F87D449C}.Release|Any CPU.Build.0 = Release|Any CPU
		{99E7674D-942B-4490-9131-148D1E9332E9}.Debug|Any CPU.ActiveCfg = Debug|Any CPU
		{99E7674D-942B-4490-9131-148D1E9332E9}.Debug|Any CPU.Build.0 = Debug|Any CPU
		{99E7674D-942B-4490-9131-148D1E9332E9}.Release|Any CPU.ActiveCfg = Release|Any CPU
		{99E7674D-942B-4490-9131-148D1E9332E9}.Release|Any CPU.Build.0 = Release|Any CPU
	EndGlobalSection
	GlobalSection(SolutionProperties) = preSolution
		HideSolutionNode = FALSE
	EndGlobalSection
	GlobalSection(NestedProjects) = preSolution
		{E4C2836C-50A8-447C-AE01-0C0A103FCC18} = {52D3F44B-8464-4305-83B6-9A4F7D7186B8}
		{3FD34DC8-5BF7-4674-9E17-09FF00BD637D} = {52D3F44B-8464-4305-83B6-9A4F7D7186B8}
		{80A58881-A76A-484E-85F1-A78BB692986D} = {52D3F44B-8464-4305-83B6-9A4F7D7186B8}
		{5D5E7FC6-CF48-4DC5-A574-2F86C83ABE09} = {1AF13942-1363-4BC2-94B2-10D8ED7798F3}
		{AB219B67-CE92-4CCA-BAD8-48AC1CE28549} = {1AF13942-1363-4BC2-94B2-10D8ED7798F3}
		{9314ED69-DFA1-4B83-B559-5F55328289A9} = {1AF13942-1363-4BC2-94B2-10D8ED7798F3}
		{28FCEF5D-6261-4006-B06F-0D20C93B4D97} = {1AF13942-1363-4BC2-94B2-10D8ED7798F3}
		{8FFCBB9C-25D5-45CA-9357-66BB38990424} = {1AF13942-1363-4BC2-94B2-10D8ED7798F3}
		{10365C96-60FE-4194-81E1-552B532F446E} = {94DA6AA2-634C-4B50-995D-0482330E091E}
		{1568FD4B-FC95-43E5-A7CB-135D140DF256} = {94DA6AA2-634C-4B50-995D-0482330E091E}
		{AA3EB464-47A3-4771-96F8-DA35A7956DF8} = {94DA6AA2-634C-4B50-995D-0482330E091E}
		{88852232-5B63-4908-8839-6E79E4187735} = {94DA6AA2-634C-4B50-995D-0482330E091E}
		{946B5D5B-9EC7-4A2E-8429-47CA488D0807} = {C58B8AFE-4A91-41A5-96AC-91A2A7D06285}
		{90836B91-CADD-48CA-9048-8B2FC5CFB37B} = {C58B8AFE-4A91-41A5-96AC-91A2A7D06285}
		{852ABBF9-9559-471B-AE89-E358608B0A0E} = {C58B8AFE-4A91-41A5-96AC-91A2A7D06285}
		{AA67CAEA-B691-4E6E-AA43-42407B23A93B} = {C58B8AFE-4A91-41A5-96AC-91A2A7D06285}
		{9573A562-B7D1-4C71-BFD2-20A4B3A47640} = {172B4C34-C002-40C5-94A0-0292EB31084F}
		{2A43E839-52BE-4F2B-9FDF-3853F87D449C} = {172B4C34-C002-40C5-94A0-0292EB31084F}
		{99E7674D-942B-4490-9131-148D1E9332E9} = {172B4C34-C002-40C5-94A0-0292EB31084F}
	EndGlobalSection
	GlobalSection(ExtensibilityGlobals) = postSolution
		SolutionGuid = {4C674836-36FC-45A7-8733-F7717F5617E1}
	EndGlobalSection
EndGlobal
